lockfile_version: '1'
generated_at: '2026-04-22T11:58:35.465377+00:00'
apm_version: 0.9.0
dependencies:
- repo_url: ngicks/dotfiles
  host: github.com
  resolved_commit: 1f8ff503e2d3cac202fe39bf4a424d71f67b61ff
  virtual_path: agents/skills/scaffold-go-cobra
  is_virtual: true
  package_type: claude_skill
  deployed_files:
  - .agents/skills/scaffold-go-cobra
  - .claude/skills/scaffold-go-cobra
  content_hash: sha256:8405a3ab5d8f889258c0bae86f9163782be74db32c072a0d955685716e22f575
