lockfile_version: '1'
generated_at: '2026-05-01T18:34:15.533391+00:00'
apm_version: 0.9.2
dependencies:
- repo_url: ngicks/agents-package
  host: github.com
  virtual_path: instructions/base-env.instructions.md
  is_virtual: true
  package_type: apm_package
  content_hash: sha256:e8e2f850d9cb676f3e9dc7756563576bc3dca4aed77f162987d88b6a7a0d18c5
- repo_url: ngicks/agents-package
  host: github.com
  virtual_path: instructions/go/go-basics.instructions.md
  is_virtual: true
  package_type: apm_package
  content_hash: sha256:fa26d9e17858c7c5a2abb429a549c2a7a4ea5a19c627c5e33ab5bcc069f68220
- repo_url: ngicks/agents-package
  host: github.com
  resolved_commit: 3df5bca49b774d9619128e8fc7b987273598f7d3
  virtual_path: skills/go-edit-cobra
  is_virtual: true
  package_type: claude_skill
  deployed_files:
  - .agents/skills/go-edit-cobra
  content_hash: sha256:d51f6a1f72914616a670f961a932af9a38b9d5e6abe1e63920aa57817f1c2e37
